
Microsoft Visual Studio Solution File, Format Version 12.00
# Visual Studio Version 17
VisualStudioVersion = 17.14.36414.22
MinimumVisualStudioVersion = 10.0.40219.1
Project("{8BC9CEB8-8B4A-11D0-8D11-00A0C91BC942}") = "文本编辑器", "文本编辑器\文本编辑器.vcxproj", "{02110EFE-D14B-43E5-98D7-28585F93BC89}"
EndProject
Project("{54435603-DBB4-11D2-8724-00A0C9A8B90C}") = "我是EXE文件", "我是EXE文件\我是EXE文件.vdproj", "{5CC36A40-216E-778D-103D-721C88B285AD}"
EndProject
Global
	GlobalSection(SolutionConfigurationPlatforms) = preSolution
		Debug|x64 = Debug|x64
		Debug|x86 = Debug|x86
		Release|x64 = Release|x64
		Release|x86 = Release|x86
	EndGlobalSection
	GlobalSection(ProjectConfigurationPlatforms) = postSolution
		{02110EFE-D14B-43E5-98D7-28585F93BC89}.Debug|x64.ActiveCfg = Debug|x64
		{02110EFE-D14B-43E5-98D7-28585F93BC89}.Debug|x64.Build.0 = Debug|x64
		{02110EFE-D14B-43E5-98D7-28585F93BC89}.Debug|x86.ActiveCfg = Debug|Win32
		{02110EFE-D14B-43E5-98D7-28585F93BC89}.Debug|x86.Build.0 = Debug|Win32
		{02110EFE-D14B-43E5-98D7-28585F93BC89}.Release|x64.ActiveCfg = Release|x64
		{02110EFE-D14B-43E5-98D7-28585F93BC89}.Release|x64.Build.0 = Release|x64
		{02110EFE-D14B-43E5-98D7-28585F93BC89}.Release|x86.ActiveCfg = Release|Win32
		{02110EFE-D14B-43E5-98D7-28585F93BC89}.Release|x86.Build.0 = Release|Win32
		{5CC36A40-216E-778D-103D-721C88B285AD}.Debug|x64.ActiveCfg = Debug
		{5CC36A40-216E-778D-103D-721C88B285AD}.Debug|x86.ActiveCfg = Debug
		{5CC36A40-216E-778D-103D-721C88B285AD}.Release|x64.ActiveCfg = Release
		{5CC36A40-216E-778D-103D-721C88B285AD}.Release|x86.ActiveCfg = Release
	EndGlobalSection
	GlobalSection(SolutionProperties) = preSolution
		HideSolutionNode = FALSE
	EndGlobalSection
	GlobalSection(ExtensibilityGlobals) = postSolution
		SolutionGuid = {6AF83490-F11C-450A-AFB5-6EDD0860BC56}
	EndGlobalSection
EndGlobal
